
Microsoft Visual Studio Solution File, Format Version 12.00
# Visual Studio Version 16
VisualStudioVersion = 16.0.30711.63
MinimumVisualStudioVersion = 10.0.40219.1
Project("{FAE04EC0-301F-11D3-BF4B-00C04F79EFBC}") = "ConstructorsDestructors", "ConstructorsDestructors\ConstructorsDestructors.csproj", "{07616A11-1780-4FCC-8F0C-04A396DDBC5A}"
EndProject
Global
	GlobalSection(SolutionConfigurationPlatforms) = preSolution
		Debug|Any CPU = Debug|Any CPU
		Release|Any CPU = Release|Any CPU
	EndGlobalSection
	GlobalSection(ProjectConfigurationPlatforms) = postSolution
		{07616A11-1780-4FCC-8F0C-04A396DDBC5A}.Debug|Any CPU.ActiveCfg = Debug|Any CPU
		{07616A11-1780-4FCC-8F0C-04A396DDBC5A}.Debug|Any CPU.Build.0 = Debug|Any CPU
		{07616A11-1780-4FCC-8F0C-04A396DDBC5A}.Release|Any CPU.ActiveCfg = Release|Any CPU
		{07616A11-1780-4FCC-8F0C-04A396DDBC5A}.Release|Any CPU.Build.0 = Release|Any CPU
	EndGlobalSection
	GlobalSection(SolutionProperties) = preSolution
		HideSolutionNode = FALSE
	EndGlobalSection
	GlobalSection(ExtensibilityGlobals) = postSolution
		SolutionGuid = {B00D0AD6-6713-49F2-9190-4E68398C43BA}
	EndGlobalSection
EndGlobal
